{
  "name": "angularjs",
  "version": "1.0.0",
  "lockfileVersion": 2,
  "requires": true,
  "packages": {
    "": {
      "name": "angularjs",
      "version": "1.0.0",
      "license": "ISC",
      "dependencies": {
        "angular": "^1.8.2",
        "angular-cookies": "^1.8.2",
        "angular-i18n": "^1.8.2",
        "angular-sanitize": "^1.8.2",
        "jquery": "^2.1.4"
      }
    },
    "node_modules/angular": {
      "version": "1.8.2",
      "resolved": "https://registry.npmjs.org/angular/-/angular-1.8.2.tgz",
      "integrity": "sha512-IauMOej2xEe7/7Ennahkbb5qd/HFADiNuLSESz9Q27inmi32zB0lnAsFeLEWcox3Gd1F6YhNd1CP7/9IukJ0Gw=="
    },
    "node_modules/angular-cookies": {
      "version": "1.8.2",
      "resolved": "https://registry.npmjs.org/angular-cookies/-/angular-cookies-1.8.2.tgz",
      "integrity": "sha512-M6fCnsnw1pj1+nXuO28ilJ+h6pFCIXQKSEgy9/PIoN0sZr5FqsE9BK18PdBQa8dif+fnHCAYpPU8MgDzT/sZSg=="
    },
    "node_modules/angular-i18n": {
      "version": "1.8.2",
      "resolved": "https://registry.npmjs.org/angular-i18n/-/angular-i18n-1.8.2.tgz",
      "integrity": "sha512-IVXiWS0fWLnDPTy5z/iO/mVATE3/Eyj0aHEUrhSro8Dxtsv0iw6RLBATkawl4z7AZPX3eN6pqScd5dg56m0dpA=="
    },
    "node_modules/angular-sanitize": {
      "version": "1.8.2",
      "resolved": "https://registry.npmjs.org/angular-sanitize/-/angular-sanitize-1.8.2.tgz",
      "integrity": "sha512-OB6Goa+QN3byf5asQ7XRl7DKZejm/F/ZOqa9z1skqYVOWA2hoBxoCmt9E7+i7T/TbxZP5zYzKxNZVVJNu860Hg=="
    },
    "node_modules/jquery": {
      "version": "2.2.4",
      "resolved": "https://registry.npmjs.org/jquery/-/jquery-2.2.4.tgz",
      "integrity": "sha1-LInWiJterFIqfuoywUUhVZxsvwI="
    }
  },
  "dependencies": {
    "angular": {
      "version": "1.8.2",
      "resolved": "https://registry.npmjs.org/angular/-/angular-1.8.2.tgz",
      "integrity": "sha512-IauMOej2xEe7/7Ennahkbb5qd/HFADiNuLSESz9Q27inmi32zB0lnAsFeLEWcox3Gd1F6YhNd1CP7/9IukJ0Gw=="
    },
    "angular-cookies": {
      "version": "1.8.2",
      "resolved": "https://registry.npmjs.org/angular-cookies/-/angular-cookies-1.8.2.tgz",
      "integrity": "sha512-M6fCnsnw1pj1+nXuO28ilJ+h6pFCIXQKSEgy9/PIoN0sZr5FqsE9BK18PdBQa8dif+fnHCAYpPU8MgDzT/sZSg=="
    },
    "angular-i18n": {
      "version": "1.8.2",
      "resolved": "https://registry.npmjs.org/angular-i18n/-/angular-i18n-1.8.2.tgz",
      "integrity": "sha512-IVXiWS0fWLnDPTy5z/iO/mVATE3/Eyj0aHEUrhSro8Dxtsv0iw6RLBATkawl4z7AZPX3eN6pqScd5dg56m0dpA=="
    },
    "angular-sanitize": {
      "version": "1.8.2",
      "resolved": "https://registry.npmjs.org/angular-sanitize/-/angular-sanitize-1.8.2.tgz",
      "integrity": "sha512-OB6Goa+QN3byf5asQ7XRl7DKZejm/F/ZOqa9z1skqYVOWA2hoBxoCmt9E7+i7T/TbxZP5zYzKxNZVVJNu860Hg=="
    },
    "jquery": {
      "version": "2.2.4",
      "resolved": "https://registry.npmjs.org/jquery/-/jquery-2.2.4.tgz",
      "integrity": "sha1-LInWiJterFIqfuoywUUhVZxsvwI="
    }
  }
}
